
Microsoft Visual Studio Solution File, Format Version 12.00
# Visual Studio Version 17
VisualStudioVersion = 17.2.32602.215
MinimumVisualStudioVersion = 10.0.40219.1
Project("{FAE04EC0-301F-11D3-BF4B-00C04F79EFBC}") = "fooddelivery", "fooddelivery\fooddelivery.csproj", "{345D554E-7E1B-42C1-B96D-AF2E8AE56A75}"
EndProject
Global
	GlobalSection(SolutionConfigurationPlatforms) = preSolution
		Debug|Any CPU = Debug|Any CPU
		Release|Any CPU = Release|Any CPU
	EndGlobalSection
	GlobalSection(ProjectConfigurationPlatforms) = postSolution
		{345D554E-7E1B-42C1-B96D-AF2E8AE56A75}.Debug|Any CPU.ActiveCfg = Debug|Any CPU
		{345D554E-7E1B-42C1-B96D-AF2E8AE56A75}.Debug|Any CPU.Build.0 = Debug|Any CPU
		{345D554E-7E1B-42C1-B96D-AF2E8AE56A75}.Release|Any CPU.ActiveCfg = Release|Any CPU
		{345D554E-7E1B-42C1-B96D-AF2E8AE56A75}.Release|Any CPU.Build.0 = Release|Any CPU
	EndGlobalSection
	GlobalSection(SolutionProperties) = preSolution
		HideSolutionNode = FALSE
	EndGlobalSection
	GlobalSection(ExtensibilityGlobals) = postSolution
		SolutionGuid = {9895D2AC-51CD-473E-9B42-CD3D1B737B8D}
	EndGlobalSection
EndGlobal
